
Microsoft Visual Studio Solution File, Format Version 12.00
# Visual Studio Version 17
VisualStudioVersion = 17.0.31903.59
MinimumVisualStudioVersion = 10.0.40219.1
Project("{FAE04EC0-301F-11D3-BF4B-00C04F79EFBC}") = "BookStore.ConsoleApp", "BookStore.ConsoleApp\BookStore.ConsoleApp.csproj", "{DCDFC9A5-CA26-44F6-8A35-7E48C91E1767}"
EndProject
Project("{FAE04EC0-301F-11D3-BF4B-00C04F79EFBC}") = "GameClubs.ConsoleApp", "GameClubs.ConsoleApp\GameClubs.ConsoleApp.csproj", "{E9A7F3ED-4C25-4ABE-9DB3-9A8A83AA1348}"
EndProject
Project("{FAE04EC0-301F-11D3-BF4B-00C04F79EFBC}") = "Players.ConsoleApp", "Players.ConsoleApp\Players.ConsoleApp.csproj", "{D82B61FA-73B7-4042-B8C5-8FE882F10EBF}"
EndProject
Project("{FAE04EC0-301F-11D3-BF4B-00C04F79EFBC}") = "Calculators.ConsoleApp", "Calculators.ConsoleApp\Calculators.ConsoleApp.csproj", "{59BC37D6-1C02-412B-A219-0248F554755C}"
EndProject
Global
	GlobalSection(SolutionConfigurationPlatforms) = preSolution
		Debug|Any CPU = Debug|Any CPU
		Release|Any CPU = Release|Any CPU
	EndGlobalSection
	GlobalSection(SolutionProperties) = preSolution
		HideSolutionNode = FALSE
	EndGlobalSection
	GlobalSection(ProjectConfigurationPlatforms) = postSolution
		{DCDFC9A5-CA26-44F6-8A35-7E48C91E1767}.Debug|Any CPU.ActiveCfg = Debug|Any CPU
		{DCDFC9A5-CA26-44F6-8A35-7E48C91E1767}.Debug|Any CPU.Build.0 = Debug|Any CPU
		{DCDFC9A5-CA26-44F6-8A35-7E48C91E1767}.Release|Any CPU.ActiveCfg = Release|Any CPU
		{DCDFC9A5-CA26-44F6-8A35-7E48C91E1767}.Release|Any CPU.Build.0 = Release|Any CPU
		{062D76FD-71FD-440B-A4C2-34E43E39FF79}.Debug|Any CPU.ActiveCfg = Debug|Any CPU
		{062D76FD-71FD-440B-A4C2-34E43E39FF79}.Debug|Any CPU.Build.0 = Debug|Any CPU
		{062D76FD-71FD-440B-A4C2-34E43E39FF79}.Release|Any CPU.ActiveCfg = Release|Any CPU
		{062D76FD-71FD-440B-A4C2-34E43E39FF79}.Release|Any CPU.Build.0 = Release|Any CPU
		{955A3C15-4E56-40AB-A15D-8671CA9FDDA9}.Debug|Any CPU.ActiveCfg = Debug|Any CPU
		{955A3C15-4E56-40AB-A15D-8671CA9FDDA9}.Debug|Any CPU.Build.0 = Debug|Any CPU
		{955A3C15-4E56-40AB-A15D-8671CA9FDDA9}.Release|Any CPU.ActiveCfg = Release|Any CPU
		{955A3C15-4E56-40AB-A15D-8671CA9FDDA9}.Release|Any CPU.Build.0 = Release|Any CPU
		{E9A7F3ED-4C25-4ABE-9DB3-9A8A83AA1348}.Debug|Any CPU.ActiveCfg = Debug|Any CPU
		{E9A7F3ED-4C25-4ABE-9DB3-9A8A83AA1348}.Debug|Any CPU.Build.0 = Debug|Any CPU
		{E9A7F3ED-4C25-4ABE-9DB3-9A8A83AA1348}.Release|Any CPU.ActiveCfg = Release|Any CPU
		{E9A7F3ED-4C25-4ABE-9DB3-9A8A83AA1348}.Release|Any CPU.Build.0 = Release|Any CPU
		{D82B61FA-73B7-4042-B8C5-8FE882F10EBF}.Debug|Any CPU.ActiveCfg = Debug|Any CPU
		{D82B61FA-73B7-4042-B8C5-8FE882F10EBF}.Debug|Any CPU.Build.0 = Debug|Any CPU
		{D82B61FA-73B7-4042-B8C5-8FE882F10EBF}.Release|Any CPU.ActiveCfg = Release|Any CPU
		{D82B61FA-73B7-4042-B8C5-8FE882F10EBF}.Release|Any CPU.Build.0 = Release|Any CPU
		{59BC37D6-1C02-412B-A219-0248F554755C}.Debug|Any CPU.ActiveCfg = Debug|Any CPU
		{59BC37D6-1C02-412B-A219-0248F554755C}.Debug|Any CPU.Build.0 = Debug|Any CPU
		{59BC37D6-1C02-412B-A219-0248F554755C}.Release|Any CPU.ActiveCfg = Release|Any CPU
		{59BC37D6-1C02-412B-A219-0248F554755C}.Release|Any CPU.Build.0 = Release|Any CPU
	EndGlobalSection
EndGlobal
